
Microsoft Visual Studio Solution File, Format Version 12.00
# Visual Studio 2012
Project("{FAE04EC0-301F-11D3-BF4B-00C04F79EFBC}") = "Goose", "Goose.csproj", "{39043A40-F2DC-4E02-B0E7-EB85A76DB1CC}"
EndProject
Project("{FAE04EC0-301F-11D3-BF4B-00C04F79EFBC}") = "GooseTest", "GooseTest\GooseTest.csproj", "{683670DB-DD00-4E32-8B98-692FA56570AE}"
EndProject
Global
	GlobalSection(SolutionConfigurationPlatforms) = preSolution
		Debug|Any CPU = Debug|Any CPU
		Release|Any CPU = Release|Any CPU
	EndGlobalSection
	GlobalSection(ProjectConfigurationPlatforms) = postSolution
		{39043A40-F2DC-4E02-B0E7-EB85A76DB1CC}.Debug|Any CPU.ActiveCfg = Debug|Any CPU
		{39043A40-F2DC-4E02-B0E7-EB85A76DB1CC}.Debug|Any CPU.Build.0 = Debug|Any CPU
		{39043A40-F2DC-4E02-B0E7-EB85A76DB1CC}.Release|Any CPU.ActiveCfg = Release|Any CPU
		{39043A40-F2DC-4E02-B0E7-EB85A76DB1CC}.Release|Any CPU.Build.0 = Release|Any CPU
		{683670DB-DD00-4E32-8B98-692FA56570AE}.Debug|Any CPU.ActiveCfg = Debug|Any CPU
		{683670DB-DD00-4E32-8B98-692FA56570AE}.Debug|Any CPU.Build.0 = Debug|Any CPU
		{683670DB-DD00-4E32-8B98-692FA56570AE}.Release|Any CPU.ActiveCfg = Release|Any CPU
		{683670DB-DD00-4E32-8B98-692FA56570AE}.Release|Any CPU.Build.0 = Release|Any CPU
	EndGlobalSection
	GlobalSection(SolutionProperties) = preSolution
		HideSolutionNode = FALSE
	EndGlobalSection
EndGlobal
